
Microsoft Visual Studio Solution File, Format Version 12.00
# Visual Studio Version 17
VisualStudioVersion = 17.11.35222.181
MinimumVisualStudioVersion = 10.0.40219.1
Project("{FAE04EC0-301F-11D3-BF4B-00C04F79EFBC}") = "WeatherForecast", "WeatherForecast\WeatherForecast.csproj", "{9BB87270-C037-4999-BB4C-053F92B2A9C8}"
EndProject
Project("{FAE04EC0-301F-11D3-BF4B-00C04F79EFBC}") = "WeatherForecast.Tests", "WeatherForecast.Tests\WeatherForecast.Tests.csproj", "{3E893719-2AED-413A-A60E-3D9A8C5A41A9}"
	ProjectSection(ProjectDependencies) = postProject
		{9BB87270-C037-4999-BB4C-053F92B2A9C8} = {9BB87270-C037-4999-BB4C-053F92B2A9C8}
	EndProjectSection
EndProject
Project("{FAE04EC0-301F-11D3-BF4B-00C04F79EFBC}") = "WeatherForecast.Tests.XUnit", "WeatherForecast.Tests.XUnit\WeatherForecast.Tests.XUnit.csproj", "{7F1E9DC2-24D0-4226-849C-6A7E46F2DCD4}"
EndProject
Global
	GlobalSection(SolutionConfigurationPlatforms) = preSolution
		Debug|Any CPU = Debug|Any CPU
		Release|Any CPU = Release|Any CPU
	EndGlobalSection
	GlobalSection(ProjectConfigurationPlatforms) = postSolution
		{9BB87270-C037-4999-BB4C-053F92B2A9C8}.Debug|Any CPU.ActiveCfg = Debug|Any CPU
		{9BB87270-C037-4999-BB4C-053F92B2A9C8}.Debug|Any CPU.Build.0 = Debug|Any CPU
		{9BB87270-C037-4999-BB4C-053F92B2A9C8}.Release|Any CPU.ActiveCfg = Release|Any CPU
		{9BB87270-C037-4999-BB4C-053F92B2A9C8}.Release|Any CPU.Build.0 = Release|Any CPU
		{3E893719-2AED-413A-A60E-3D9A8C5A41A9}.Debug|Any CPU.ActiveCfg = Debug|Any CPU
		{3E893719-2AED-413A-A60E-3D9A8C5A41A9}.Debug|Any CPU.Build.0 = Debug|Any CPU
		{3E893719-2AED-413A-A60E-3D9A8C5A41A9}.Release|Any CPU.ActiveCfg = Release|Any CPU
		{3E893719-2AED-413A-A60E-3D9A8C5A41A9}.Release|Any CPU.Build.0 = Release|Any CPU
		{7F1E9DC2-24D0-4226-849C-6A7E46F2DCD4}.Debug|Any CPU.ActiveCfg = Debug|Any CPU
		{7F1E9DC2-24D0-4226-849C-6A7E46F2DCD4}.Debug|Any CPU.Build.0 = Debug|Any CPU
		{7F1E9DC2-24D0-4226-849C-6A7E46F2DCD4}.Release|Any CPU.ActiveCfg = Release|Any CPU
		{7F1E9DC2-24D0-4226-849C-6A7E46F2DCD4}.Release|Any CPU.Build.0 = Release|Any CPU
	EndGlobalSection
	GlobalSection(SolutionProperties) = preSolution
		HideSolutionNode = FALSE
	EndGlobalSection
	GlobalSection(ExtensibilityGlobals) = postSolution
		SolutionGuid = {D88AC321-C229-4B15-A4FC-E72EF59C541E}
	EndGlobalSection
EndGlobal
